// !$*UTF8*$!
{
	archiveVersion = 1;
	classes = {
	};
	objectVersion = 46;
	objects = {

/* Begin PBXBuildFile section */
		43465DEF1D77CD6400631837 /* AppDelegate.swift in Sources */ = {isa = PBXBuildFile; fileRef = 43465DEE1D77CD6400631837 /* AppDelegate.swift */; };
		43465DF11D77CD6400631837 /* ViewController.swift in Sources */ = {isa = PBXBuildFile; fileRef = 43465DF01D77CD6400631837 /* ViewController.swift */; };
		43465DF41D77CD6400631837 /* Main.storyboard in Resources */ = {isa = PBXBuildFile; fileRef = 43465DF21D77CD6400631837 /* Main.storyboard */; };
		43465DF61D77CD6400631837 /* Assets.xcassets in Resources */ = {isa = PBXBuildFile; fileRef = 43465DF51D77CD6400631837 /* Assets.xcassets */; };
		43465DF91D77CD6400631837 /* LaunchScreen.storyboard in Resources */ = {isa = PBXBuildFile; fileRef = 43465DF71D77CD6400631837 /* LaunchScreen.storyboard */; };
		43465E041D77CD6400631837 /* FakebookLayoutTests.swift in Sources */ = {isa = PBXBuildFile; fileRef = 43465E031D77CD6400631837 /* FakebookLayoutTests.swift */; };
		43465E0F1D77CD6400631837 /* FakebookLayoutUITests.swift in Sources */ = {isa = PBXBuildFile; fileRef = 43465E0E1D77CD6400631837 /* FakebookLayoutUITests.swift */; };
		43465E291D77D03900631837 /* angry.png in Resources */ = {isa = PBXBuildFile; fileRef = 43465E1D1D77D03900631837 /* angry.png */; };
		43465E2A1D77D03900631837 /* avatar1.png in Resources */ = {isa = PBXBuildFile; fileRef = 43465E1E1D77D03900631837 /* avatar1.png */; };
		43465E2B1D77D03900631837 /* avatar2.png in Resources */ = {isa = PBXBuildFile; fileRef = 43465E1F1D77D03900631837 /* avatar2.png */; };
		43465E2C1D77D03900631837 /* comment.png in Resources */ = {isa = PBXBuildFile; fileRef = 43465E201D77D03900631837 /* comment.png */; };
		43465E2D1D77D03900631837 /* greyLike.png in Resources */ = {isa = PBXBuildFile; fileRef = 43465E211D77D03900631837 /* greyLike.png */; };
		43465E2E1D77D03900631837 /* haha.png in Resources */ = {isa = PBXBuildFile; fileRef = 43465E221D77D03900631837 /* haha.png */; };
		43465E2F1D77D03900631837 /* img.png in Resources */ = {isa = PBXBuildFile; fileRef = 43465E231D77D03900631837 /* img.png */; };
		43465E301D77D03900631837 /* like.png in Resources */ = {isa = PBXBuildFile; fileRef = 43465E241D77D03900631837 /* like.png */; };
		43465E311D77D03900631837 /* love.png in Resources */ = {isa = PBXBuildFile; fileRef = 43465E251D77D03900631837 /* love.png */; };
		43465E321D77D03900631837 /* sad.png in Resources */ = {isa = PBXBuildFile; fileRef = 43465E261D77D03900631837 /* sad.png */; };
		43465E331D77D03900631837 /* share.png in Resources */ = {isa = PBXBuildFile; fileRef = 43465E271D77D03900631837 /* share.png */; };
		43465E341D77D03900631837 /* wow.png in Resources */ = {isa = PBXBuildFile; fileRef = 43465E281D77D03900631837 /* wow.png */; };
		434844281D77DEF30087CC89 /* PopUpViewController.swift in Sources */ = {isa = PBXBuildFile; fileRef = 434844271D77DEF30087CC89 /* PopUpViewController.swift */; };
/* End PBXBuildFile section */

/* Begin PBXContainerItemProxy section */
		43465E001D77CD6400631837 /* PBXContainerItemProxy */ = {
			isa = PBXContainerItemProxy;
			containerPortal = 43465DE31D77CD6300631837 /* Project object */;
			proxyType = 1;
			remoteGlobalIDString = 43465DEA1D77CD6400631837;
			remoteInfo = FakebookLayout;
		};
		43465E0B1D77CD6400631837 /* PBXContainerItemProxy */ = {
			isa = PBXContainerItemProxy;
			containerPortal = 43465DE31D77CD6300631837 /* Project object */;
			proxyType = 1;
			remoteGlobalIDString = 43465DEA1D77CD6400631837;
			remoteInfo = FakebookLayout;
		};
/* End PBXContainerItemProxy section */

/* Begin PBXFileReference section */
		43465DEB1D77CD6400631837 /* FakebookLayout.app */ = {isa = PBXFileReference; explicitFileType = wrapper.application; includeInIndex = 0; path = FakebookLayout.app; sourceTree = BUILT_PRODUCTS_DIR; };
		43465DEE1D77CD6400631837 /* AppDelegate.swift */ = {isa = PBXFileReference; lastKnownFileType = sourcecode.swift; path = AppDelegate.swift; sourceTree = "<group>"; };
		43465DF01D77CD6400631837 /* ViewController.swift */ = {isa = PBXFileReference; lastKnownFileType = sourcecode.swift; path = ViewController.swift; sourceTree = "<group>"; };
		43465DF31D77CD6400631837 /* Base */ = {isa = PBXFileReference; lastKnownFileType = file.storyboard; name = Base; path = Base.lproj/Main.storyboard; sourceTree = "<group>"; };
		43465DF51D77CD6400631837 /* Assets.xcassets */ = {isa = PBXFileReference; lastKnownFileType = folder.assetcatalog; path = Assets.xcassets; sourceTree = "<group>"; };
		43465DF81D77CD6400631837 /* Base */ = {isa = PBXFileReference; lastKnownFileType = file.storyboard; name = Base; path = Base.lproj/LaunchScreen.storyboard; sourceTree = "<group>"; };
		43465DFA1D77CD6400631837 /* Info.plist */ = {isa = PBXFileReference; lastKnownFileType = text.plist.xml; path = Info.plist; sourceTree = "<group>"; };
		43465DFF1D77CD6400631837 /* FakebookLayoutTests.xctest */ = {isa = PBXFileReference; explicitFileType = wrapper.cfbundle; includeInIndex = 0; path = FakebookLayoutTests.xctest; sourceTree = BUILT_PRODUCTS_DIR; };
		43465E031D77CD6400631837 /* FakebookLayoutTests.swift */ = {isa = PBXFileReference; lastKnownFileType = sourcecode.swift; path = FakebookLayoutTests.swift; sourceTree = "<group>"; };
		43465E051D77CD6400631837 /* Info.plist */ = {isa = PBXFileReference; lastKnownFileType = text.plist.xml; path = Info.plist; sourceTree = "<group>"; };
		43465E0A1D77CD6400631837 /* FakebookLayoutUITests.xctest */ = {isa = PBXFileReference; explicitFileType = wrapper.cfbundle; includeInIndex = 0; path = FakebookLayoutUITests.xctest; sourceTree = BUILT_PRODUCTS_DIR; };
		43465E0E1D77CD6400631837 /* FakebookLayoutUITests.swift */ = {isa = PBXFileReference; lastKnownFileType = sourcecode.swift; path = FakebookLayoutUITests.swift; sourceTree = "<group>"; };
		43465E101D77CD6400631837 /* Info.plist */ = {isa = PBXFileReference; lastKnownFileType = text.plist.xml; path = Info.plist; sourceTree = "<group>"; };
		43465E1D1D77D03900631837 /* angry.png */ = {isa = PBXFileReference; lastKnownFileType = image.png; path = angry.png; sourceTree = "<group>"; };
		43465E1E1D77D03900631837 /* avatar1.png */ = {isa = PBXFileReference; lastKnownFileType = image.png; path = avatar1.png; sourceTree = "<group>"; };
		43465E1F1D77D03900631837 /* avatar2.png */ = {isa = PBXFileReference; lastKnownFileType = image.png; path = avatar2.png; sourceTree = "<group>"; };
		43465E201D77D03900631837 /* comment.png */ = {isa = PBXFileReference; lastKnownFileType = image.png; path = comment.png; sourceTree = "<group>"; };
		43465E211D77D03900631837 /* greyLike.png */ = {isa = PBXFileReference; lastKnownFileType = image.png; path = greyLike.png; sourceTree = "<group>"; };
		43465E221D77D03900631837 /* haha.png */ = {isa = PBXFileReference; lastKnownFileType = image.png; path = haha.png; sourceTree = "<group>"; };
		43465E231D77D03900631837 /* img.png */ = {isa = PBXFileReference; lastKnownFileType = image.png; path = img.png; sourceTree = "<group>"; };
		43465E241D77D03900631837 /* like.png */ = {isa = PBXFileReference; lastKnownFileType = image.png; path = like.png; sourceTree = "<group>"; };
		43465E251D77D03900631837 /* love.png */ = {isa = PBXFileReference; lastKnownFileType = image.png; path = love.png; sourceTree = "<group>"; };
		43465E261D77D03900631837 /* sad.png */ = {isa = PBXFileReference; lastKnownFileType = image.png; path = sad.png; sourceTree = "<group>"; };
		43465E271D77D03900631837 /* share.png */ = {isa = PBXFileReference; lastKnownFileType = image.png; path = share.png; sourceTree = "<group>"; };
		43465E281D77D03900631837 /* wow.png */ = {isa = PBXFileReference; lastKnownFileType = image.png; path = wow.png; sourceTree = "<group>"; };
		434844271D77DEF30087CC89 /* PopUpViewController.swift */ = {isa = PBXFileReference; fileEncoding = 4; lastKnownFileType = sourcecode.swift; path = PopUpViewController.swift; sourceTree = "<group>"; };
/* End PBXFileReference section */

/* Begin PBXFrameworksBuildPhase section */
		43465DE81D77CD6400631837 /* Frameworks */ = {
			isa = PBXFrameworksBuildPhase;
			buildActionMask = 2147483647;
			files = (
			);
			runOnlyForDeploymentPostprocessing = 0;
		};
		43465DFC1D77CD6400631837 /* Frameworks */ = {
			isa = PBXFrameworksBuildPhase;
			buildActionMask = 2147483647;
			files = (
			);
			runOnlyForDeploymentPostprocessing = 0;
		};
		43465E071D77CD6400631837 /* Frameworks */ = {
			isa = PBXFrameworksBuildPhase;
			buildActionMask = 2147483647;
			files = (
			);
			runOnlyForDeploymentPostprocessing = 0;
		};
/* End PBXFrameworksBuildPhase section */

/* Begin PBXGroup section */
		43465DE21D77CD6300631837 = {
			isa = PBXGroup;
			children = (
				43465DED1D77CD6400631837 /* FakebookLayout */,
				43465E021D77CD6400631837 /* FakebookLayoutTests */,
				43465E0D1D77CD6400631837 /* FakebookLayoutUITests */,
				43465DEC1D77CD6400631837 /* Products */,
			);
			sourceTree = "<group>";
		};
		43465DEC1D77CD6400631837 /* Products */ = {
			isa = PBXGroup;
			children = (
				43465DEB1D77CD6400631837 /* FakebookLayout.app */,
				43465DFF1D77CD6400631837 /* FakebookLayoutTests.xctest */,
				43465E0A1D77CD6400631837 /* FakebookLayoutUITests.xctest */,
			);
			name = Products;
			sourceTree = "<group>";
		};
		43465DED1D77CD6400631837 /* FakebookLayout */ = {
			isa = PBXGroup;
			children = (
				43465E1C1D77D00000631837 /* resource */,
				43465DEE1D77CD6400631837 /* AppDelegate.swift */,
				43465DF01D77CD6400631837 /* ViewController.swift */,
				43465DF21D77CD6400631837 /* Main.storyboard */,
				43465DF51D77CD6400631837 /* Assets.xcassets */,
				43465DF71D77CD6400631837 /* LaunchScreen.storyboard */,
				43465DFA1D77CD6400631837 /* Info.plist */,
				434844271D77DEF30087CC89 /* PopUpViewController.swift */,
			);
			path = FakebookLayout;
			sourceTree = "<group>";
		};
		43465E021D77CD6400631837 /* FakebookLayoutTests */ = {
			isa = PBXGroup;
			children = (
				43465E031D77CD6400631837 /* FakebookLayoutTests.swift */,
				43465E051D77CD6400631837 /* Info.plist */,
			);
			path = FakebookLayoutTests;
			sourceTree = "<group>";
		};
		43465E0D1D77CD6400631837 /* FakebookLayoutUITests */ = {
			isa = PBXGroup;
			children = (
				43465E0E1D77CD6400631837 /* FakebookLayoutUITests.swift */,
				43465E101D77CD6400631837 /* Info.plist */,
			);
			path = FakebookLayoutUITests;
			sourceTree = "<group>";
		};
		43465E1C1D77D00000631837 /* resource */ = {
			isa = PBXGroup;
			children = (
				43465E1D1D77D03900631837 /* angry.png */,
				43465E1E1D77D03900631837 /* avatar1.png */,
				43465E1F1D77D03900631837 /* avatar2.png */,
				43465E201D77D03900631837 /* comment.png */,
				43465E211D77D03900631837 /* greyLike.png */,
				43465E221D77D03900631837 /* haha.png */,
				43465E231D77D03900631837 /* img.png */,
				43465E241D77D03900631837 /* like.png */,
				43465E251D77D03900631837 /* love.png */,
				43465E261D77D03900631837 /* sad.png */,
				43465E271D77D03900631837 /* share.png */,
				43465E281D77D03900631837 /* wow.png */,
			);
			name = resource;
			sourceTree = "<group>";
		};
/* End PBXGroup section */

/* Begin PBXNativeTarget section */
		43465DEA1D77CD6400631837 /* FakebookLayout */ = {
			isa = PBXNativeTarget;
			buildConfigurationList = 43465E131D77CD6400631837 /* Build configuration list for PBXNativeTarget "FakebookLayout" */;
			buildPhases = (
				43465DE71D77CD6400631837 /* Sources */,
				43465DE81D77CD6400631837 /* Frameworks */,
				43465DE91D77CD6400631837 /* Resources */,
			);
			buildRules = (
			);
			dependencies = (
			);
			name = FakebookLayout;
			productName = FakebookLayout;
			productReference = 43465DEB1D77CD6400631837 /* FakebookLayout.app */;
			productType = "com.apple.product-type.application";
		};
		43465DFE1D77CD6400631837 /* FakebookLayoutTests */ = {
			isa = PBXNativeTarget;
			buildConfigurationList = 43465E161D77CD6400631837 /* Build configuration list for PBXNativeTarget "FakebookLayoutTests" */;
			buildPhases = (
				43465DFB1D77CD6400631837 /* Sources */,
				43465DFC1D77CD6400631837 /* Frameworks */,
				43465DFD1D77CD6400631837 /* Resources */,
			);
			buildRules = (
			);
			dependencies = (
				43465E011D77CD6400631837 /* PBXTargetDependency */,
			);
			name = FakebookLayoutTests;
			productName = FakebookLayoutTests;
			productReference = 43465DFF1D77CD6400631837 /* FakebookLayoutTests.xctest */;
			productType = "com.apple.product-type.bundle.unit-test";
		};
		43465E091D77CD6400631837 /* FakebookLayoutUITests */ = {
			isa = PBXNativeTarget;
			buildConfigurationList = 43465E191D77CD6400631837 /* Build configuration list for PBXNativeTarget "FakebookLayoutUITests" */;
			buildPhases = (
				43465E061D77CD6400631837 /* Sources */,
				43465E071D77CD6400631837 /* Frameworks */,
				43465E081D77CD6400631837 /* Resources */,
			);
			buildRules = (
			);
			dependencies = (
				43465E0C1D77CD6400631837 /* PBXTargetDependency */,
			);
			name = FakebookLayoutUITests;
			productName = FakebookLayoutUITests;
			productReference = 43465E0A1D77CD6400631837 /* FakebookLayoutUITests.xctest */;
			productType = "com.apple.product-type.bundle.ui-testing";
		};
/* End PBXNativeTarget section */

/* Begin PBXProject section */
		43465DE31D77CD6300631837 /* Project object */ = {
			isa = PBXProject;
			attributes = {
				LastSwiftUpdateCheck = 0730;
				LastUpgradeCheck = 0730;
				ORGANIZATIONNAME = TTB10912;
				TargetAttributes = {
					43465DEA1D77CD6400631837 = {
						CreatedOnToolsVersion = 7.3.1;
					};
					43465DFE1D77CD6400631837 = {
						CreatedOnToolsVersion = 7.3.1;
						TestTargetID = 43465DEA1D77CD6400631837;
					};
					43465E091D77CD6400631837 = {
						CreatedOnToolsVersion = 7.3.1;
						TestTargetID = 43465DEA1D77CD6400631837;
					};
				};
			};
			buildConfigurationList = 43465DE61D77CD6300631837 /* Build configuration list for PBXProject "FakebookLayout" */;
			compatibilityVersion = "Xcode 3.2";
			developmentRegion = English;
			hasScannedForEncodings = 0;
			knownRegions = (
				en,
				Base,
			);
			mainGroup = 43465DE21D77CD6300631837;
			productRefGroup = 43465DEC1D77CD6400631837 /* Products */;
			projectDirPath = "";
			projectRoot = "";
			targets = (
				43465DEA1D77CD6400631837 /* FakebookLayout */,
				43465DFE1D77CD6400631837 /* FakebookLayoutTests */,
				43465E091D77CD6400631837 /* FakebookLayoutUITests */,
			);
		};
/* End PBXProject section */

/* Begin PBXResourcesBuildPhase section */
		43465DE91D77CD6400631837 /* Resources */ = {
			isa = PBXResourcesBuildPhase;
			buildActionMask = 2147483647;
			files = (
				43465DF91D77CD6400631837 /* LaunchScreen.storyboard in Resources */,
				43465E291D77D03900631837 /* angry.png in Resources */,
				43465E2E1D77D03900631837 /* haha.png in Resources */,
				43465E331D77D03900631837 /* share.png in Resources */,
				43465DF61D77CD6400631837 /* Assets.xcassets in Resources */,
				43465E2D1D77D03900631837 /* greyLike.png in Resources */,
				43465E311D77D03900631837 /* love.png in Resources */,
				43465E321D77D03900631837 /* sad.png in Resources */,
				43465E2F1D77D03900631837 /* img.png in Resources */,
				43465E341D77D03900631837 /* wow.png in Resources */,
				43465DF41D77CD6400631837 /* Main.storyboard in Resources */,
				43465E2A1D77D03900631837 /* avatar1.png in Resources */,
				43465E2B1D77D03900631837 /* avatar2.png in Resources */,
				43465E2C1D77D03900631837 /* comment.png in Resources */,
				43465E301D77D03900631837 /* like.png in Resources */,
			);
			runOnlyForDeploymentPostprocessing = 0;
		};
		43465DFD1D77CD6400631837 /* Resources */ = {
			isa = PBXResourcesBuildPhase;
			buildActionMask = 2147483647;
			files = (
			);
			runOnlyForDeploymentPostprocessing = 0;
		};
		43465E081D77CD6400631837 /* Resources */ = {
			isa = PBXResourcesBuildPhase;
			buildActionMask = 2147483647;
			files = (
			);
			runOnlyForDeploymentPostprocessing = 0;
		};
/* End PBXResourcesBuildPhase section */

/* Begin PBXSourcesBuildPhase section */
		43465DE71D77CD6400631837 /* Sources */ = {
			isa = PBXSourcesBuildPhase;
			buildActionMask = 2147483647;
			files = (
				43465DF11D77CD6400631837 /* ViewController.swift in Sources */,
				434844281D77DEF30087CC89 /* PopUpViewController.swift in Sources */,
				43465DEF1D77CD6400631837 /* AppDelegate.swift in Sources */,
			);
			runOnlyForDeploymentPostprocessing = 0;
		};
		43465DFB1D77CD6400631837 /* Sources */ = {
			isa = PBXSourcesBuildPhase;
			buildActionMask = 2147483647;
			files = (
				43465E041D77CD6400631837 /* FakebookLayoutTests.swift in Sources */,
			);
			runOnlyForDeploymentPostprocessing = 0;
		};
		43465E061D77CD6400631837 /* Sources */ = {
			isa = PBXSourcesBuildPhase;
			buildActionMask = 2147483647;
			files = (
				43465E0F1D77CD6400631837 /* FakebookLayoutUITests.swift in Sources */,
			);
			runOnlyForDeploymentPostprocessing = 0;
		};
/* End PBXSourcesBuildPhase section */

/* Begin PBXTargetDependency section */
		43465E011D77CD6400631837 /* PBXTargetDependency */ = {
			isa = PBXTargetDependency;
			target = 43465DEA1D77CD6400631837 /* FakebookLayout */;
			targetProxy = 43465E001D77CD6400631837 /* PBXContainerItemProxy */;
		};
		43465E0C1D77CD6400631837 /* PBXTargetDependency */ = {
			isa = PBXTargetDependency;
			target = 43465DEA1D77CD6400631837 /* FakebookLayout */;
			targetProxy = 43465E0B1D77CD6400631837 /* PBXContainerItemProxy */;
		};
/* End PBXTargetDependency section */

/* Begin PBXVariantGroup section */
		43465DF21D77CD6400631837 /* Main.storyboard */ = {
			isa = PBXVariantGroup;
			children = (
				43465DF31D77CD6400631837 /* Base */,
			);
			name = Main.storyboard;
			sourceTree = "<group>";
		};
		43465DF71D77CD6400631837 /* LaunchScreen.storyboard */ = {
			isa = PBXVariantGroup;
			children = (
				43465DF81D77CD6400631837 /* Base */,
			);
			name = LaunchScreen.storyboard;
			sourceTree = "<group>";
		};
/* End PBXVariantGroup section */

/* Begin XCBuildConfiguration section */
		43465E111D77CD6400631837 /* Debug */ = {
			isa = XCBuildConfiguration;
			buildSettings = {
				ALWAYS_SEARCH_USER_PATHS = NO;
				CLANG_ANALYZER_NONNULL = YES;
				CLANG_CXX_LANGUAGE_STANDARD = "gnu++0x";
				CLANG_CXX_LIBRARY = "libc++";
				CLANG_ENABLE_MODULES = YES;
				CLANG_ENABLE_OBJC_ARC = YES;
				CLANG_WARN_BOOL_CONVERSION = YES;
				CLANG_WARN_CONSTANT_CONVERSION = YES;
				CLANG_WARN_DIRECT_OBJC_ISA_USAGE = YES_ERROR;
				CLANG_WARN_EMPTY_BODY = YES;
				CLANG_WARN_ENUM_CONVERSION = YES;
				CLANG_WARN_INT_CONVERSION = YES;
				CLANG_WARN_OBJC_ROOT_CLASS = YES_ERROR;
				CLANG_WARN_UNREACHABLE_CODE = YES;
				CLANG_WARN__DUPLICATE_METHOD_MATCH = YES;
				"CODE_SIGN_IDENTITY[sdk=iphoneos*]" = "iPhone Developer";
				COPY_PHASE_STRIP = NO;
				DEBUG_INFORMATION_FORMAT = dwarf;
				ENABLE_STRICT_OBJC_MSGSEND = YES;
				ENABLE_TESTABILITY = YES;
				GCC_C_LANGUAGE_STANDARD = gnu99;
				GCC_DYNAMIC_NO_PIC = NO;
				GCC_NO_COMMON_BLOCKS = YES;
				GCC_OPTIMIZATION_LEVEL = 0;
				GCC_PREPROCESSOR_DEFINITIONS = (
					"DEBUG=1",
					"$(inherited)",
				);
				GCC_WARN_64_TO_32_BIT_CONVERSION = YES;
				GCC_WARN_ABOUT_RETURN_TYPE = YES_ERROR;
				GCC_WARN_UNDECLARED_SELECTOR = YES;
				GCC_WARN_UNINITIALIZED_AUTOS = YES_AGGRESSIVE;
				GCC_WARN_UNUSED_FUNCTION = YES;
				GCC_WARN_UNUSED_VARIABLE = YES;
				IPHONEOS_DEPLOYMENT_TARGET = 9.3;
				MTL_ENABLE_DEBUG_INFO = YES;
				ONLY_ACTIVE_ARCH = YES;
				SDKROOT = iphoneos;
				SWIFT_OPTIMIZATION_LEVEL = "-Onone";
				TARGETED_DEVICE_FAMILY = "1,2";
			};
			name = Debug;
		};
		43465E121D77CD6400631837 /* Release */ = {
			isa = XCBuildConfiguration;
			buildSettings = {
				ALWAYS_SEARCH_USER_PATHS = NO;
				CLANG_ANALYZER_NONNULL = YES;
				CLANG_CXX_LANGUAGE_STANDARD = "gnu++0x";
				CLANG_CXX_LIBRARY = "libc++";
				CLANG_ENABLE_MODULES = YES;
				CLANG_ENABLE_OBJC_ARC = YES;
				CLANG_WARN_BOOL_CONVERSION = YES;
				CLANG_WARN_CONSTANT_CONVERSION = YES;
				CLANG_WARN_DIRECT_OBJC_ISA_USAGE = YES_ERROR;
				CLANG_WARN_EMPTY_BODY = YES;
				CLANG_WARN_ENUM_CONVERSION = YES;
				CLANG_WARN_INT_CONVERSION = YES;
				CLANG_WARN_OBJC_ROOT_CLASS = YES_ERROR;
				CLANG_WARN_UNREACHABLE_CODE = YES;
				CLANG_WARN__DUPLICATE_METHOD_MATCH = YES;
				"CODE_SIGN_IDENTITY[sdk=iphoneos*]" = "iPhone Developer";
				COPY_PHASE_STRIP = NO;
				DEBUG_INFORMATION_FORMAT = "dwarf-with-dsym";
				ENABLE_NS_ASSERTIONS = NO;
				ENABLE_STRICT_OBJC_MSGSEND = YES;
				GCC_C_LANGUAGE_STANDARD = gnu99;
				GCC_NO_COMMON_BLOCKS = YES;
				GCC_WARN_64_TO_32_BIT_CONVERSION = YES;
				GCC_WARN_ABOUT_RETURN_TYPE = YES_ERROR;
				GCC_WARN_UNDECLARED_SELECTOR = YES;
				GCC_WARN_UNINITIALIZED_AUTOS = YES_AGGRESSIVE;
				GCC_WARN_UNUSED_FUNCTION = YES;
				GCC_WARN_UNUSED_VARIABLE = YES;
				IPHONEOS_DEPLOYMENT_TARGET = 9.3;
				MTL_ENABLE_DEBUG_INFO = NO;
				SDKROOT = iphoneos;
				TARGETED_DEVICE_FAMILY = "1,2";
				VALIDATE_PRODUCT = YES;
			};
			name = Release;
		};
		43465E141D77CD6400631837 /* Debug */ = {
			isa = XCBuildConfiguration;
			buildSettings = {
				ASSETCATALOG_COMPILER_APPICON_NAME = AppIcon;
				INFOPLIST_FILE = FakebookLayout/Info.plist;
				LD_RUNPATH_SEARCH_PATHS = "$(inherited) @executable_path/Frameworks";
				PRODUCT_BUNDLE_IDENTIFIER = c.ttb10912.FakebookLayout;
				PRODUCT_NAME = "$(TARGET_NAME)";
			};
			name = Debug;
		};
		43465E151D77CD6400631837 /* Release */ = {
			isa = XCBuildConfiguration;
			buildSettings = {
				ASSETCATALOG_COMPILER_APPICON_NAME = AppIcon;
				INFOPLIST_FILE = FakebookLayout/Info.plist;
				LD_RUNPATH_SEARCH_PATHS = "$(inherited) @executable_path/Frameworks";
				PRODUCT_BUNDLE_IDENTIFIER = c.ttb10912.FakebookLayout;
				PRODUCT_NAME = "$(TARGET_NAME)";
			};
			name = Release;
		};
		43465E171D77CD6400631837 /* Debug */ = {
			isa = XCBuildConfiguration;
			buildSettings = {
				BUNDLE_LOADER = "$(TEST_HOST)";
				INFOPLIST_FILE = FakebookLayoutTests/Info.plist;
				LD_RUNPATH_SEARCH_PATHS = "$(inherited) @executable_path/Frameworks @loader_path/Frameworks";
				PRODUCT_BUNDLE_IDENTIFIER = c.ttb10912.FakebookLayoutTests;
				PRODUCT_NAME = "$(TARGET_NAME)";
				TEST_HOST = "$(BUILT_PRODUCTS_DIR)/FakebookLayout.app/FakebookLayout";
			};
			name = Debug;
		};
		43465E181D77CD6400631837 /* Release */ = {
			isa = XCBuildConfiguration;
			buildSettings = {
				BUNDLE_LOADER = "$(TEST_HOST)";
				INFOPLIST_FILE = FakebookLayoutTests/Info.plist;
				LD_RUNPATH_SEARCH_PATHS = "$(inherited) @executable_path/Frameworks @loader_path/Frameworks";
				PRODUCT_BUNDLE_IDENTIFIER = c.ttb10912.FakebookLayoutTests;
				PRODUCT_NAME = "$(TARGET_NAME)";
				TEST_HOST = "$(BUILT_PRODUCTS_DIR)/FakebookLayout.app/FakebookLayout";
			};
			name = Release;
		};
		43465E1A1D77CD6400631837 /* Debug */ = {
			isa = XCBuildConfiguration;
			buildSettings = {
				INFOPLIST_FILE = FakebookLayoutUITests/Info.plist;
				LD_RUNPATH_SEARCH_PATHS = "$(inherited) @executable_path/Frameworks @loader_path/Frameworks";
				PRODUCT_BUNDLE_IDENTIFIER = c.ttb10912.FakebookLayoutUITests;
				PRODUCT_NAME = "$(TARGET_NAME)";
				TEST_TARGET_NAME = FakebookLayout;
			};
			name = Debug;
		};
		43465E1B1D77CD6400631837 /* Release */ = {
			isa = XCBuildConfiguration;
			buildSettings = {
				INFOPLIST_FILE = FakebookLayoutUITests/Info.plist;
				LD_RUNPATH_SEARCH_PATHS = "$(inherited) @executable_path/Frameworks @loader_path/Frameworks";
				PRODUCT_BUNDLE_IDENTIFIER = c.ttb10912.FakebookLayoutUITests;
				PRODUCT_NAME = "$(TARGET_NAME)";
				TEST_TARGET_NAME = FakebookLayout;
			};
			name = Release;
		};
/* End XCBuildConfiguration section */

/* Begin XCConfigurationList section */
		43465DE61D77CD6300631837 /* Build configuration list for PBXProject "FakebookLayout" */ = {
			isa = XCConfigurationList;
			buildConfigurations = (
				43465E111D77CD6400631837 /* Debug */,
				43465E121D77CD6400631837 /* Release */,
			);
			defaultConfigurationIsVisible = 0;
			defaultConfigurationName = Release;
		};
		43465E131D77CD6400631837 /* Build configuration list for PBXNativeTarget "FakebookLayout" */ = {
			isa = XCConfigurationList;
			buildConfigurations = (
				43465E141D77CD6400631837 /* Debug */,
				43465E151D77CD6400631837 /* Release */,
			);
			defaultConfigurationIsVisible = 0;
			defaultConfigurationName = Release;
		};
		43465E161D77CD6400631837 /* Build configuration list for PBXNativeTarget "FakebookLayoutTests" */ = {
			isa = XCConfigurationList;
			buildConfigurations = (
				43465E171D77CD6400631837 /* Debug */,
				43465E181D77CD6400631837 /* Release */,
			);
			defaultConfigurationIsVisible = 0;
			defaultConfigurationName = Release;
		};
		43465E191D77CD6400631837 /* Build configuration list for PBXNativeTarget "FakebookLayoutUITests" */ = {
			isa = XCConfigurationList;
			buildConfigurations = (
				43465E1A1D77CD6400631837 /* Debug */,
				43465E1B1D77CD6400631837 /* Release */,
			);
			defaultConfigurationIsVisible = 0;
			defaultConfigurationName = Release;
		};
/* End XCConfigurationList section */
	};
	rootObject = 43465DE31D77CD6300631837 /* Project object */;
}
